// !$*UTF8*$!
{
	archiveVersion = 1;
	classes = {
	};
	objectVersion = 50;
	objects = {

/* Begin PBXBuildFile section */
		2F9B12EE258A2BA400DC55CC /* AppDelegate.swift in Sources */ = {isa = PBXBuildFile; fileRef = 2F9B12ED258A2BA400DC55CC /* AppDelegate.swift */; };
		2F9B12F0258A2BA400DC55CC /* SceneDelegate.swift in Sources */ = {isa = PBXBuildFile; fileRef = 2F9B12EF258A2BA400DC55CC /* SceneDelegate.swift */; };
		2F9B12F2258A2BA400DC55CC /* ViewController.swift in Sources */ = {isa = PBXBuildFile; fileRef = 2F9B12F1258A2BA400DC55CC /* ViewController.swift */; };
		2F9B12F5258A2BA400DC55CC /* Main.storyboard in Resources */ = {isa = PBXBuildFile; fileRef = 2F9B12F3258A2BA400DC55CC /* Main.storyboard */; };
		2F9B12F7258A2BA500DC55CC /* Assets.xcassets in Resources */ = {isa = PBXBuildFile; fileRef = 2F9B12F6258A2BA500DC55CC /* Assets.xcassets */; };
		2F9B12FA258A2BA500DC55CC /* LaunchScreen.storyboard in Resources */ = {isa = PBXBuildFile; fileRef = 2F9B12F8258A2BA500DC55CC /* LaunchScreen.storyboard */; };
		2F9B1305258A2BA500DC55CC /* instagramTests.swift in Sources */ = {isa = PBXBuildFile; fileRef = 2F9B1304258A2BA500DC55CC /* instagramTests.swift */; };
		2F9B1310258A2BA500DC55CC /* instagramUITests.swift in Sources */ = {isa = PBXBuildFile; fileRef = 2F9B130F258A2BA500DC55CC /* instagramUITests.swift */; };
/* End PBXBuildFile section */

/* Begin PBXContainerItemProxy section */
		2F9B1301258A2BA500DC55CC /* PBXContainerItemProxy */ = {
			isa = PBXContainerItemProxy;
			containerPortal = 2F9B12E2258A2BA400DC55CC /* Project object */;
			proxyType = 1;
			remoteGlobalIDString = 2F9B12E9258A2BA400DC55CC;
			remoteInfo = instagram;
		};
		2F9B130C258A2BA500DC55CC /* PBXContainerItemProxy */ = {
			isa = PBXContainerItemProxy;
			containerPortal = 2F9B12E2258A2BA400DC55CC /* Project object */;
			proxyType = 1;
			remoteGlobalIDString = 2F9B12E9258A2BA400DC55CC;
			remoteInfo = instagram;
		};
/* End PBXContainerItemProxy section */

/* Begin PBXFileReference section */
		2F9B12EA258A2BA400DC55CC /* instagram.app */ = {isa = PBXFileReference; explicitFileType = wrapper.application; includeInIndex = 0; path = instagram.app; sourceTree = BUILT_PRODUCTS_DIR; };
		2F9B12ED258A2BA400DC55CC /* AppDelegate.swift */ = {isa = PBXFileReference; lastKnownFileType = sourcecode.swift; path = AppDelegate.swift; sourceTree = "<group>"; };
		2F9B12EF258A2BA400DC55CC /* SceneDelegate.swift */ = {isa = PBXFileReference; lastKnownFileType = sourcecode.swift; path = SceneDelegate.swift; sourceTree = "<group>"; };
		2F9B12F1258A2BA400DC55CC /* ViewController.swift */ = {isa = PBXFileReference; lastKnownFileType = sourcecode.swift; path = ViewController.swift; sourceTree = "<group>"; };
		2F9B12F4258A2BA400DC55CC /* Base */ = {isa = PBXFileReference; lastKnownFileType = file.storyboard; name = Base; path = Base.lproj/Main.storyboard; sourceTree = "<group>"; };
		2F9B12F6258A2BA500DC55CC /* Assets.xcassets */ = {isa = PBXFileReference; lastKnownFileType = folder.assetcatalog; path = Assets.xcassets; sourceTree = "<group>"; };
		2F9B12F9258A2BA500DC55CC /* Base */ = {isa = PBXFileReference; lastKnownFileType = file.storyboard; name = Base; path = Base.lproj/LaunchScreen.storyboard; sourceTree = "<group>"; };
		2F9B12FB258A2BA500DC55CC /* Info.plist */ = {isa = PBXFileReference; lastKnownFileType = text.plist.xml; path = Info.plist; sourceTree = "<group>"; };
		2F9B1300258A2BA500DC55CC /* instagramTests.xctest */ = {isa = PBXFileReference; explicitFileType = wrapper.cfbundle; includeInIndex = 0; path = instagramTests.xctest; sourceTree = BUILT_PRODUCTS_DIR; };
		2F9B1304258A2BA500DC55CC /* instagramTests.swift */ = {isa = PBXFileReference; lastKnownFileType = sourcecode.swift; path = instagramTests.swift; sourceTree = "<group>"; };
		2F9B1306258A2BA500DC55CC /* Info.plist */ = {isa = PBXFileReference; lastKnownFileType = text.plist.xml; path = Info.plist; sourceTree = "<group>"; };
		2F9B130B258A2BA500DC55CC /* instagramUITests.xctest */ = {isa = PBXFileReference; explicitFileType = wrapper.cfbundle; includeInIndex = 0; path = instagramUITests.xctest; sourceTree = BUILT_PRODUCTS_DIR; };
		2F9B130F258A2BA500DC55CC /* instagramUITests.swift */ = {isa = PBXFileReference; lastKnownFileType = sourcecode.swift; path = instagramUITests.swift; sourceTree = "<group>"; };
		2F9B1311258A2BA500DC55CC /* Info.plist */ = {isa = PBXFileReference; lastKnownFileType = text.plist.xml; path = Info.plist; sourceTree = "<group>"; };
/* End PBXFileReference section */

/* Begin PBXFrameworksBuildPhase section */
		2F9B12E7258A2BA400DC55CC /* Frameworks */ = {
			isa = PBXFrameworksBuildPhase;
			buildActionMask = 2147483647;
			files = (
			);
			runOnlyForDeploymentPostprocessing = 0;
		};
		2F9B12FD258A2BA500DC55CC /* Frameworks */ = {
			isa = PBXFrameworksBuildPhase;
			buildActionMask = 2147483647;
			files = (
			);
			runOnlyForDeploymentPostprocessing = 0;
		};
		2F9B1308258A2BA500DC55CC /* Frameworks */ = {
			isa = PBXFrameworksBuildPhase;
			buildActionMask = 2147483647;
			files = (
			);
			runOnlyForDeploymentPostprocessing = 0;
		};
/* End PBXFrameworksBuildPhase section */

/* Begin PBXGroup section */
		2F9B12E1258A2BA400DC55CC = {
			isa = PBXGroup;
			children = (
				2F9B12EC258A2BA400DC55CC /* instagram */,
				2F9B1303258A2BA500DC55CC /* instagramTests */,
				2F9B130E258A2BA500DC55CC /* instagramUITests */,
				2F9B12EB258A2BA400DC55CC /* Products */,
			);
			sourceTree = "<group>";
		};
		2F9B12EB258A2BA400DC55CC /* Products */ = {
			isa = PBXGroup;
			children = (
				2F9B12EA258A2BA400DC55CC /* instagram.app */,
				2F9B1300258A2BA500DC55CC /* instagramTests.xctest */,
				2F9B130B258A2BA500DC55CC /* instagramUITests.xctest */,
			);
			name = Products;
			sourceTree = "<group>";
		};
		2F9B12EC258A2BA400DC55CC /* instagram */ = {
			isa = PBXGroup;
			children = (
				2F9B12ED258A2BA400DC55CC /* AppDelegate.swift */,
				2F9B12EF258A2BA400DC55CC /* SceneDelegate.swift */,
				2F9B12F1258A2BA400DC55CC /* ViewController.swift */,
				2F9B12F3258A2BA400DC55CC /* Main.storyboard */,
				2F9B12F6258A2BA500DC55CC /* Assets.xcassets */,
				2F9B12F8258A2BA500DC55CC /* LaunchScreen.storyboard */,
				2F9B12FB258A2BA500DC55CC /* Info.plist */,
			);
			path = instagram;
			sourceTree = "<group>";
		};
		2F9B1303258A2BA500DC55CC /* instagramTests */ = {
			isa = PBXGroup;
			children = (
				2F9B1304258A2BA500DC55CC /* instagramTests.swift */,
				2F9B1306258A2BA500DC55CC /* Info.plist */,
			);
			path = instagramTests;
			sourceTree = "<group>";
		};
		2F9B130E258A2BA500DC55CC /* instagramUITests */ = {
			isa = PBXGroup;
			children = (
				2F9B130F258A2BA500DC55CC /* instagramUITests.swift */,
				2F9B1311258A2BA500DC55CC /* Info.plist */,
			);
			path = instagramUITests;
			sourceTree = "<group>";
		};
/* End PBXGroup section */

/* Begin PBXNativeTarget section */
		2F9B12E9258A2BA400DC55CC /* instagram */ = {
			isa = PBXNativeTarget;
			buildConfigurationList = 2F9B1314258A2BA500DC55CC /* Build configuration list for PBXNativeTarget "instagram" */;
			buildPhases = (
				2F9B12E6258A2BA400DC55CC /* Sources */,
				2F9B12E7258A2BA400DC55CC /* Frameworks */,
				2F9B12E8258A2BA400DC55CC /* Resources */,
			);
			buildRules = (
			);
			dependencies = (
			);
			name = instagram;
			productName = instagram;
			productReference = 2F9B12EA258A2BA400DC55CC /* instagram.app */;
			productType = "com.apple.product-type.application";
		};
		2F9B12FF258A2BA500DC55CC /* instagramTests */ = {
			isa = PBXNativeTarget;
			buildConfigurationList = 2F9B1317258A2BA500DC55CC /* Build configuration list for PBXNativeTarget "instagramTests" */;
			buildPhases = (
				2F9B12FC258A2BA500DC55CC /* Sources */,
				2F9B12FD258A2BA500DC55CC /* Frameworks */,
				2F9B12FE258A2BA500DC55CC /* Resources */,
			);
			buildRules = (
			);
			dependencies = (
				2F9B1302258A2BA500DC55CC /* PBXTargetDependency */,
			);
			name = instagramTests;
			productName = instagramTests;
			productReference = 2F9B1300258A2BA500DC55CC /* instagramTests.xctest */;
			productType = "com.apple.product-type.bundle.unit-test";
		};
		2F9B130A258A2BA500DC55CC /* instagramUITests */ = {
			isa = PBXNativeTarget;
			buildConfigurationList = 2F9B131A258A2BA500DC55CC /* Build configuration list for PBXNativeTarget "instagramUITests" */;
			buildPhases = (
				2F9B1307258A2BA500DC55CC /* Sources */,
				2F9B1308258A2BA500DC55CC /* Frameworks */,
				2F9B1309258A2BA500DC55CC /* Resources */,
			);
			buildRules = (
			);
			dependencies = (
				2F9B130D258A2BA500DC55CC /* PBXTargetDependency */,
			);
			name = instagramUITests;
			productName = instagramUITests;
			productReference = 2F9B130B258A2BA500DC55CC /* instagramUITests.xctest */;
			productType = "com.apple.product-type.bundle.ui-testing";
		};
/* End PBXNativeTarget section */

/* Begin PBXProject section */
		2F9B12E2258A2BA400DC55CC /* Project object */ = {
			isa = PBXProject;
			attributes = {
				LastSwiftUpdateCheck = 1220;
				LastUpgradeCheck = 1220;
				TargetAttributes = {
					2F9B12E9258A2BA400DC55CC = {
						CreatedOnToolsVersion = 12.2;
					};
					2F9B12FF258A2BA500DC55CC = {
						CreatedOnToolsVersion = 12.2;
						TestTargetID = 2F9B12E9258A2BA400DC55CC;
					};
					2F9B130A258A2BA500DC55CC = {
						CreatedOnToolsVersion = 12.2;
						TestTargetID = 2F9B12E9258A2BA400DC55CC;
					};
				};
			};
			buildConfigurationList = 2F9B12E5258A2BA400DC55CC /* Build configuration list for PBXProject "instagram" */;
			compatibilityVersion = "Xcode 9.3";
			developmentRegion = en;
			hasScannedForEncodings = 0;
			knownRegions = (
				en,
				Base,
			);
			mainGroup = 2F9B12E1258A2BA400DC55CC;
			productRefGroup = 2F9B12EB258A2BA400DC55CC /* Products */;
			projectDirPath = "";
			projectRoot = "";
			targets = (
				2F9B12E9258A2BA400DC55CC /* instagram */,
				2F9B12FF258A2BA500DC55CC /* instagramTests */,
				2F9B130A258A2BA500DC55CC /* instagramUITests */,
			);
		};
/* End PBXProject section */

/* Begin PBXResourcesBuildPhase section */
		2F9B12E8258A2BA400DC55CC /* Resources */ = {
			isa = PBXResourcesBuildPhase;
			buildActionMask = 2147483647;
			files = (
				2F9B12FA258A2BA500DC55CC /* LaunchScreen.storyboard in Resources */,
				2F9B12F7258A2BA500DC55CC /* Assets.xcassets in Resources */,
				2F9B12F5258A2BA400DC55CC /* Main.storyboard in Resources */,
			);
			runOnlyForDeploymentPostprocessing = 0;
		};
		2F9B12FE258A2BA500DC55CC /* Resources */ = {
			isa = PBXResourcesBuildPhase;
			buildActionMask = 2147483647;
			files = (
			);
			runOnlyForDeploymentPostprocessing = 0;
		};
		2F9B1309258A2BA500DC55CC /* Resources */ = {
			isa = PBXResourcesBuildPhase;
			buildActionMask = 2147483647;
			files = (
			);
			runOnlyForDeploymentPostprocessing = 0;
		};
/* End PBXResourcesBuildPhase section */

/* Begin PBXSourcesBuildPhase section */
		2F9B12E6258A2BA400DC55CC /* Sources */ = {
			isa = PBXSourcesBuildPhase;
			buildActionMask = 2147483647;
			files = (
				2F9B12F2258A2BA400DC55CC /* ViewController.swift in Sources */,
				2F9B12EE258A2BA400DC55CC /* AppDelegate.swift in Sources */,
				2F9B12F0258A2BA400DC55CC /* SceneDelegate.swift in Sources */,
			);
			runOnlyForDeploymentPostprocessing = 0;
		};
		2F9B12FC258A2BA500DC55CC /* Sources */ = {
			isa = PBXSourcesBuildPhase;
			buildActionMask = 2147483647;
			files = (
				2F9B1305258A2BA500DC55CC /* instagramTests.swift in Sources */,
			);
			runOnlyForDeploymentPostprocessing = 0;
		};
		2F9B1307258A2BA500DC55CC /* Sources */ = {
			isa = PBXSourcesBuildPhase;
			buildActionMask = 2147483647;
			files = (
				2F9B1310258A2BA500DC55CC /* instagramUITests.swift in Sources */,
			);
			runOnlyForDeploymentPostprocessing = 0;
		};
/* End PBXSourcesBuildPhase section */

/* Begin PBXTargetDependency section */
		2F9B1302258A2BA500DC55CC /* PBXTargetDependency */ = {
			isa = PBXTargetDependency;
			target = 2F9B12E9258A2BA400DC55CC /* instagram */;
			targetProxy = 2F9B1301258A2BA500DC55CC /* PBXContainerItemProxy */;
		};
		2F9B130D258A2BA500DC55CC /* PBXTargetDependency */ = {
			isa = PBXTargetDependency;
			target = 2F9B12E9258A2BA400DC55CC /* instagram */;
			targetProxy = 2F9B130C258A2BA500DC55CC /* PBXContainerItemProxy */;
		};
/* End PBXTargetDependency section */

/* Begin PBXVariantGroup section */
		2F9B12F3258A2BA400DC55CC /* Main.storyboard */ = {
			isa = PBXVariantGroup;
			children = (
				2F9B12F4258A2BA400DC55CC /* Base */,
			);
			name = Main.storyboard;
			sourceTree = "<group>";
		};
		2F9B12F8258A2BA500DC55CC /* LaunchScreen.storyboard */ = {
			isa = PBXVariantGroup;
			children = (
				2F9B12F9258A2BA500DC55CC /* Base */,
			);
			name = LaunchScreen.storyboard;
			sourceTree = "<group>";
		};
/* End PBXVariantGroup section */

/* Begin XCBuildConfiguration section */
		2F9B1312258A2BA500DC55CC /* Debug */ = {
			isa = XCBuildConfiguration;
			buildSettings = {
				ALWAYS_SEARCH_USER_PATHS = NO;
				CLANG_ANALYZER_NONNULL = YES;
				CLANG_ANALYZER_NUMBER_OBJECT_CONVERSION = YES_AGGRESSIVE;
				CLANG_CXX_LANGUAGE_STANDARD = "gnu++14";
				CLANG_CXX_LIBRARY = "libc++";
				CLANG_ENABLE_MODULES = YES;
				CLANG_ENABLE_OBJC_ARC = YES;
				CLANG_ENABLE_OBJC_WEAK = YES;
				CLANG_WARN_BLOCK_CAPTURE_AUTORELEASING = YES;
				CLANG_WARN_BOOL_CONVERSION = YES;
				CLANG_WARN_COMMA = YES;
				CLANG_WARN_CONSTANT_CONVERSION = YES;
				CLANG_WARN_DEPRECATED_OBJC_IMPLEMENTATIONS = YES;
				CLANG_WARN_DIRECT_OBJC_ISA_USAGE = YES_ERROR;
				CLANG_WARN_DOCUMENTATION_COMMENTS = YES;
				CLANG_WARN_EMPTY_BODY = YES;
				CLANG_WARN_ENUM_CONVERSION = YES;
				CLANG_WARN_INFINITE_RECURSION = YES;
				CLANG_WARN_INT_CONVERSION = YES;
				CLANG_WARN_NON_LITERAL_NULL_CONVERSION = YES;
				CLANG_WARN_OBJC_IMPLICIT_RETAIN_SELF = YES;
				CLANG_WARN_OBJC_LITERAL_CONVERSION = YES;
				CLANG_WARN_OBJC_ROOT_CLASS = YES_ERROR;
				CLANG_WARN_QUOTED_INCLUDE_IN_FRAMEWORK_HEADER = YES;
				CLANG_WARN_RANGE_LOOP_ANALYSIS = YES;
				CLANG_WARN_STRICT_PROTOTYPES = YES;
				CLANG_WARN_SUSPICIOUS_MOVE = YES;
				CLANG_WARN_UNGUARDED_AVAILABILITY = YES_AGGRESSIVE;
				CLANG_WARN_UNREACHABLE_CODE = YES;
				CLANG_WARN__DUPLICATE_METHOD_MATCH = YES;
				COPY_PHASE_STRIP = NO;
				DEBUG_INFORMATION_FORMAT = dwarf;
				ENABLE_STRICT_OBJC_MSGSEND = YES;
				ENABLE_TESTABILITY = YES;
				GCC_C_LANGUAGE_STANDARD = gnu11;
				GCC_DYNAMIC_NO_PIC = NO;
				GCC_NO_COMMON_BLOCKS = YES;
				GCC_OPTIMIZATION_LEVEL = 0;
				GCC_PREPROCESSOR_DEFINITIONS = (
					"DEBUG=1",
					"$(inherited)",
				);
				GCC_WARN_64_TO_32_BIT_CONVERSION = YES;
				GCC_WARN_ABOUT_RETURN_TYPE = YES_ERROR;
				GCC_WARN_UNDECLARED_SELECTOR = YES;
				GCC_WARN_UNINITIALIZED_AUTOS = YES_AGGRESSIVE;
				GCC_WARN_UNUSED_FUNCTION = YES;
				GCC_WARN_UNUSED_VARIABLE = YES;
				IPHONEOS_DEPLOYMENT_TARGET = 14.2;
				MTL_ENABLE_DEBUG_INFO = INCLUDE_SOURCE;
				MTL_FAST_MATH = YES;
				ONLY_ACTIVE_ARCH = YES;
				SDKROOT = iphoneos;
				SWIFT_ACTIVE_COMPILATION_CONDITIONS = DEBUG;
				SWIFT_OPTIMIZATION_LEVEL = "-Onone";
			};
			name = Debug;
		};
		2F9B1313258A2BA500DC55CC /* Release */ = {
			isa = XCBuildConfiguration;
			buildSettings = {
				ALWAYS_SEARCH_USER_PATHS = NO;
				CLANG_ANALYZER_NONNULL = YES;
				CLANG_ANALYZER_NUMBER_OBJECT_CONVERSION = YES_AGGRESSIVE;
				CLANG_CXX_LANGUAGE_STANDARD = "gnu++14";
				CLANG_CXX_LIBRARY = "libc++";
				CLANG_ENABLE_MODULES = YES;
				CLANG_ENABLE_OBJC_ARC = YES;
				CLANG_ENABLE_OBJC_WEAK = YES;
				CLANG_WARN_BLOCK_CAPTURE_AUTORELEASING = YES;
				CLANG_WARN_BOOL_CONVERSION = YES;
				CLANG_WARN_COMMA = YES;
				CLANG_WARN_CONSTANT_CONVERSION = YES;
				CLANG_WARN_DEPRECATED_OBJC_IMPLEMENTATIONS = YES;
				CLANG_WARN_DIRECT_OBJC_ISA_USAGE = YES_ERROR;
				CLANG_WARN_DOCUMENTATION_COMMENTS = YES;
				CLANG_WARN_EMPTY_BODY = YES;
				CLANG_WARN_ENUM_CONVERSION = YES;
				CLANG_WARN_INFINITE_RECURSION = YES;
				CLANG_WARN_INT_CONVERSION = YES;
				CLANG_WARN_NON_LITERAL_NULL_CONVERSION = YES;
				CLANG_WARN_OBJC_IMPLICIT_RETAIN_SELF = YES;
				CLANG_WARN_OBJC_LITERAL_CONVERSION = YES;
				CLANG_WARN_OBJC_ROOT_CLASS = YES_ERROR;
				CLANG_WARN_QUOTED_INCLUDE_IN_FRAMEWORK_HEADER = YES;
				CLANG_WARN_RANGE_LOOP_ANALYSIS = YES;
				CLANG_WARN_STRICT_PROTOTYPES = YES;
				CLANG_WARN_SUSPICIOUS_MOVE = YES;
				CLANG_WARN_UNGUARDED_AVAILABILITY = YES_AGGRESSIVE;
				CLANG_WARN_UNREACHABLE_CODE = YES;
				CLANG_WARN__DUPLICATE_METHOD_MATCH = YES;
				COPY_PHASE_STRIP = NO;
				DEBUG_INFORMATION_FORMAT = "dwarf-with-dsym";
				ENABLE_NS_ASSERTIONS = NO;
				ENABLE_STRICT_OBJC_MSGSEND = YES;
				GCC_C_LANGUAGE_STANDARD = gnu11;
				GCC_NO_COMMON_BLOCKS = YES;
				GCC_WARN_64_TO_32_BIT_CONVERSION = YES;
				GCC_WARN_ABOUT_RETURN_TYPE = YES_ERROR;
				GCC_WARN_UNDECLARED_SELECTOR = YES;
				GCC_WARN_UNINITIALIZED_AUTOS = YES_AGGRESSIVE;
				GCC_WARN_UNUSED_FUNCTION = YES;
				GCC_WARN_UNUSED_VARIABLE = YES;
				IPHONEOS_DEPLOYMENT_TARGET = 14.2;
				MTL_ENABLE_DEBUG_INFO = NO;
				MTL_FAST_MATH = YES;
				SDKROOT = iphoneos;
				SWIFT_COMPILATION_MODE = wholemodule;
				SWIFT_OPTIMIZATION_LEVEL = "-O";
				VALIDATE_PRODUCT = YES;
			};
			name = Release;
		};
		2F9B1315258A2BA500DC55CC /* Debug */ = {
			isa = XCBuildConfiguration;
			buildSettings = {
				ASSETCATALOG_COMPILER_APPICON_NAME = AppIcon;
				ASSETCATALOG_COMPILER_GLOBAL_ACCENT_COLOR_NAME = AccentColor;
				CODE_SIGN_STYLE = Automatic;
				DEVELOPMENT_TEAM = YP4NL2MAYR;
				INFOPLIST_FILE = instagram/Info.plist;
				LD_RUNPATH_SEARCH_PATHS = (
					"$(inherited)",
					"@executable_path/Frameworks",
				);
				PRODUCT_BUNDLE_IDENTIFIER = beyourself1994.instagram;
				PRODUCT_NAME = "$(TARGET_NAME)";
				SWIFT_VERSION = 5.0;
				TARGETED_DEVICE_FAMILY = "1,2";
			};
			name = Debug;
		};
		2F9B1316258A2BA500DC55CC /* Release */ = {
			isa = XCBuildConfiguration;
			buildSettings = {
				ASSETCATALOG_COMPILER_APPICON_NAME = AppIcon;
				ASSETCATALOG_COMPILER_GLOBAL_ACCENT_COLOR_NAME = AccentColor;
				CODE_SIGN_STYLE = Automatic;
				DEVELOPMENT_TEAM = YP4NL2MAYR;
				INFOPLIST_FILE = instagram/Info.plist;
				LD_RUNPATH_SEARCH_PATHS = (
					"$(inherited)",
					"@executable_path/Frameworks",
				);
				PRODUCT_BUNDLE_IDENTIFIER = beyourself1994.instagram;
				PRODUCT_NAME = "$(TARGET_NAME)";
				SWIFT_VERSION = 5.0;
				TARGETED_DEVICE_FAMILY = "1,2";
			};
			name = Release;
		};
		2F9B1318258A2BA500DC55CC /* Debug */ = {
			isa = XCBuildConfiguration;
			buildSettings = {
				ALWAYS_EMBED_SWIFT_STANDARD_LIBRARIES = YES;
				BUNDLE_LOADER = "$(TEST_HOST)";
				CODE_SIGN_STYLE = Automatic;
				DEVELOPMENT_TEAM = YP4NL2MAYR;
				INFOPLIST_FILE = instagramTests/Info.plist;
				IPHONEOS_DEPLOYMENT_TARGET = 14.2;
				LD_RUNPATH_SEARCH_PATHS = (
					"$(inherited)",
					"@executable_path/Frameworks",
					"@loader_path/Frameworks",
				);
				PRODUCT_BUNDLE_IDENTIFIER = beyourself1994.instagramTests;
				PRODUCT_NAME = "$(TARGET_NAME)";
				SWIFT_VERSION = 5.0;
				TARGETED_DEVICE_FAMILY = "1,2";
				TEST_HOST = "$(BUILT_PRODUCTS_DIR)/instagram.app/instagram";
			};
			name = Debug;
		};
		2F9B1319258A2BA500DC55CC /* Release */ = {
			isa = XCBuildConfiguration;
			buildSettings = {
				ALWAYS_EMBED_SWIFT_STANDARD_LIBRARIES = YES;
				BUNDLE_LOADER = "$(TEST_HOST)";
				CODE_SIGN_STYLE = Automatic;
				DEVELOPMENT_TEAM = YP4NL2MAYR;
				INFOPLIST_FILE = instagramTests/Info.plist;
				IPHONEOS_DEPLOYMENT_TARGET = 14.2;
				LD_RUNPATH_SEARCH_PATHS = (
					"$(inherited)",
					"@executable_path/Frameworks",
					"@loader_path/Frameworks",
				);
				PRODUCT_BUNDLE_IDENTIFIER = beyourself1994.instagramTests;
				PRODUCT_NAME = "$(TARGET_NAME)";
				SWIFT_VERSION = 5.0;
				TARGETED_DEVICE_FAMILY = "1,2";
				TEST_HOST = "$(BUILT_PRODUCTS_DIR)/instagram.app/instagram";
			};
			name = Release;
		};
		2F9B131B258A2BA500DC55CC /* Debug */ = {
			isa = XCBuildConfiguration;
			buildSettings = {
				ALWAYS_EMBED_SWIFT_STANDARD_LIBRARIES = YES;
				CODE_SIGN_STYLE = Automatic;
				DEVELOPMENT_TEAM = YP4NL2MAYR;
				INFOPLIST_FILE = instagramUITests/Info.plist;
				LD_RUNPATH_SEARCH_PATHS = (
					"$(inherited)",
					"@executable_path/Frameworks",
					"@loader_path/Frameworks",
				);
				PRODUCT_BUNDLE_IDENTIFIER = beyourself1994.instagramUITests;
				PRODUCT_NAME = "$(TARGET_NAME)";
				SWIFT_VERSION = 5.0;
				TARGETED_DEVICE_FAMILY = "1,2";
				TEST_TARGET_NAME = instagram;
			};
			name = Debug;
		};
		2F9B131C258A2BA500DC55CC /* Release */ = {
			isa = XCBuildConfiguration;
			buildSettings = {
				ALWAYS_EMBED_SWIFT_STANDARD_LIBRARIES = YES;
				CODE_SIGN_STYLE = Automatic;
				DEVELOPMENT_TEAM = YP4NL2MAYR;
				INFOPLIST_FILE = instagramUITests/Info.plist;
				LD_RUNPATH_SEARCH_PATHS = (
					"$(inherited)",
					"@executable_path/Frameworks",
					"@loader_path/Frameworks",
				);
				PRODUCT_BUNDLE_IDENTIFIER = beyourself1994.instagramUITests;
				PRODUCT_NAME = "$(TARGET_NAME)";
				SWIFT_VERSION = 5.0;
				TARGETED_DEVICE_FAMILY = "1,2";
				TEST_TARGET_NAME = instagram;
			};
			name = Release;
		};
/* End XCBuildConfiguration section */

/* Begin XCConfigurationList section */
		2F9B12E5258A2BA400DC55CC /* Build configuration list for PBXProject "instagram" */ = {
			isa = XCConfigurationList;
			buildConfigurations = (
				2F9B1312258A2BA500DC55CC /* Debug */,
				2F9B1313258A2BA500DC55CC /* Release */,
			);
			defaultConfigurationIsVisible = 0;
			defaultConfigurationName = Release;
		};
		2F9B1314258A2BA500DC55CC /* Build configuration list for PBXNativeTarget "instagram" */ = {
			isa = XCConfigurationList;
			buildConfigurations = (
				2F9B1315258A2BA500DC55CC /* Debug */,
				2F9B1316258A2BA500DC55CC /* Release */,
			);
			defaultConfigurationIsVisible = 0;
			defaultConfigurationName = Release;
		};
		2F9B1317258A2BA500DC55CC /* Build configuration list for PBXNativeTarget "instagramTests" */ = {
			isa = XCConfigurationList;
			buildConfigurations = (
				2F9B1318258A2BA500DC55CC /* Debug */,
				2F9B1319258A2BA500DC55CC /* Release */,
			);
			defaultConfigurationIsVisible = 0;
			defaultConfigurationName = Release;
		};
		2F9B131A258A2BA500DC55CC /* Build configuration list for PBXNativeTarget "instagramUITests" */ = {
			isa = XCConfigurationList;
			buildConfigurations = (
				2F9B131B258A2BA500DC55CC /* Debug */,
				2F9B131C258A2BA500DC55CC /* Release */,
			);
			defaultConfigurationIsVisible = 0;
			defaultConfigurationName = Release;
		};
/* End XCConfigurationList section */
	};
	rootObject = 2F9B12E2258A2BA400DC55CC /* Project object */;
}
