// !$*UTF8*$!
{
	archiveVersion = 1;
	classes = {
	};
	objectVersion = 51;
	objects = {

/* Begin PBXBuildFile section */
		13BB6D089838AEC3D818F6A6 /* Pods_instagram_instagramUITests.framework in Frameworks */ = {isa = PBXBuildFile; fileRef = 76546C4CF368523A64A127E9 /* Pods_instagram_instagramUITests.framework */; };
		2F9B12EE258A2BA400DC55CC /* AppDelegate.swift in Sources */ = {isa = PBXBuildFile; fileRef = 2F9B12ED258A2BA400DC55CC /* AppDelegate.swift */; };
		2F9B12F0258A2BA400DC55CC /* SceneDelegate.swift in Sources */ = {isa = PBXBuildFile; fileRef = 2F9B12EF258A2BA400DC55CC /* SceneDelegate.swift */; };
		2F9B12F2258A2BA400DC55CC /* HomeViewController.swift in Sources */ = {isa = PBXBuildFile; fileRef = 2F9B12F1258A2BA400DC55CC /* HomeViewController.swift */; };
		2F9B12F5258A2BA400DC55CC /* Main.storyboard in Resources */ = {isa = PBXBuildFile; fileRef = 2F9B12F3258A2BA400DC55CC /* Main.storyboard */; };
		2F9B12F7258A2BA500DC55CC /* Assets.xcassets in Resources */ = {isa = PBXBuildFile; fileRef = 2F9B12F6258A2BA500DC55CC /* Assets.xcassets */; };
		2F9B12FA258A2BA500DC55CC /* LaunchScreen.storyboard in Resources */ = {isa = PBXBuildFile; fileRef = 2F9B12F8258A2BA500DC55CC /* LaunchScreen.storyboard */; };
		2F9B1305258A2BA500DC55CC /* instagramTests.swift in Sources */ = {isa = PBXBuildFile; fileRef = 2F9B1304258A2BA500DC55CC /* instagramTests.swift */; };
		2F9B1310258A2BA500DC55CC /* instagramUITests.swift in Sources */ = {isa = PBXBuildFile; fileRef = 2F9B130F258A2BA500DC55CC /* instagramUITests.swift */; };
		2F9B132F258A2CDF00DC55CC /* ExploreViewController.swift in Sources */ = {isa = PBXBuildFile; fileRef = 2F9B132E258A2CDF00DC55CC /* ExploreViewController.swift */; };
		2F9B1334258A2D0A00DC55CC /* CameraViewController.swift in Sources */ = {isa = PBXBuildFile; fileRef = 2F9B1333258A2D0A00DC55CC /* CameraViewController.swift */; };
		2F9B1339258A2D1F00DC55CC /* NotificationViewController.swift in Sources */ = {isa = PBXBuildFile; fileRef = 2F9B1338258A2D1F00DC55CC /* NotificationViewController.swift */; };
		2F9B133E258A2D3100DC55CC /* ProfileViewController.swift in Sources */ = {isa = PBXBuildFile; fileRef = 2F9B133D258A2D3100DC55CC /* ProfileViewController.swift */; };
		2FFB64CA258A40320067AFB1 /* GoogleService-Info.plist in Resources */ = {isa = PBXBuildFile; fileRef = 2FFB64C9258A40320067AFB1 /* GoogleService-Info.plist */; };
		2FFB64FA258A46390067AFB1 /* SettingViewController.swift in Sources */ = {isa = PBXBuildFile; fileRef = 2FFB64EF258A46390067AFB1 /* SettingViewController.swift */; };
		2FFB64FB258A46390067AFB1 /* SearchViewController.swift in Sources */ = {isa = PBXBuildFile; fileRef = 2FFB64F0258A46390067AFB1 /* SearchViewController.swift */; };
		2FFB64FC258A46390067AFB1 /* ListViewController.swift in Sources */ = {isa = PBXBuildFile; fileRef = 2FFB64F1258A46390067AFB1 /* ListViewController.swift */; };
		2FFB64FD258A46390067AFB1 /* EditProfileViewController.swift in Sources */ = {isa = PBXBuildFile; fileRef = 2FFB64F2258A46390067AFB1 /* EditProfileViewController.swift */; };
		2FFB64FE258A46390067AFB1 /* SearchResultViewController.swift in Sources */ = {isa = PBXBuildFile; fileRef = 2FFB64F3258A46390067AFB1 /* SearchResultViewController.swift */; };
		2FFB64FF258A46390067AFB1 /* PublishPostViewController.swift in Sources */ = {isa = PBXBuildFile; fileRef = 2FFB64F4258A46390067AFB1 /* PublishPostViewController.swift */; };
		2FFB6500258A46390067AFB1 /* PostViewController.swift in Sources */ = {isa = PBXBuildFile; fileRef = 2FFB64F5258A46390067AFB1 /* PostViewController.swift */; };
		2FFB6501258A46390067AFB1 /* PostEditorViewController.swift in Sources */ = {isa = PBXBuildFile; fileRef = 2FFB64F6258A46390067AFB1 /* PostEditorViewController.swift */; };
		2FFB6502258A46390067AFB1 /* LoginViewController.swift in Sources */ = {isa = PBXBuildFile; fileRef = 2FFB64F8258A46390067AFB1 /* LoginViewController.swift */; };
		2FFB6503258A46390067AFB1 /* RegistrationViewController.swift in Sources */ = {isa = PBXBuildFile; fileRef = 2FFB64F9258A46390067AFB1 /* RegistrationViewController.swift */; };
		2FFB6514258A47090067AFB1 /* DatabaseManager.swift in Sources */ = {isa = PBXBuildFile; fileRef = 2FFB6513258A47090067AFB1 /* DatabaseManager.swift */; };
		2FFB6519258A47B40067AFB1 /* AuthManaget.swift in Sources */ = {isa = PBXBuildFile; fileRef = 2FFB6518258A47B40067AFB1 /* AuthManaget.swift */; };
		2FFB651E258A47EF0067AFB1 /* StorageManager.swift in Sources */ = {isa = PBXBuildFile; fileRef = 2FFB651D258A47EF0067AFB1 /* StorageManager.swift */; };
		2FFB6555258A4D960067AFB1 /* UIview+Extensions.swift in Sources */ = {isa = PBXBuildFile; fileRef = 2FFB6554258A4D960067AFB1 /* UIview+Extensions.swift */; };
		497707F5FD3E61F189DF2B44 /* Pods_instagram.framework in Frameworks */ = {isa = PBXBuildFile; fileRef = 0A50D23AEB91BCCEF25CE35B /* Pods_instagram.framework */; };
		DB82EE19F3CFE7C3964238F8 /* Pods_instagramTests.framework in Frameworks */ = {isa = PBXBuildFile; fileRef = 13133B9BB936A4165C2F52F7 /* Pods_instagramTests.framework */; };
/* End PBXBuildFile section */

/* Begin PBXContainerItemProxy section */
		2F9B1301258A2BA500DC55CC /* PBXContainerItemProxy */ = {
			isa = PBXContainerItemProxy;
			containerPortal = 2F9B12E2258A2BA400DC55CC /* Project object */;
			proxyType = 1;
			remoteGlobalIDString = 2F9B12E9258A2BA400DC55CC;
			remoteInfo = instagram;
		};
		2F9B130C258A2BA500DC55CC /* PBXContainerItemProxy */ = {
			isa = PBXContainerItemProxy;
			containerPortal = 2F9B12E2258A2BA400DC55CC /* Project object */;
			proxyType = 1;
			remoteGlobalIDString = 2F9B12E9258A2BA400DC55CC;
			remoteInfo = instagram;
		};
/* End PBXContainerItemProxy section */

/* Begin PBXFileReference section */
		0A50D23AEB91BCCEF25CE35B /* Pods_instagram.framework */ = {isa = PBXFileReference; explicitFileType = wrapper.framework; includeInIndex = 0; path = Pods_instagram.framework; sourceTree = BUILT_PRODUCTS_DIR; };
		13133B9BB936A4165C2F52F7 /* Pods_instagramTests.framework */ = {isa = PBXFileReference; explicitFileType = wrapper.framework; includeInIndex = 0; path = Pods_instagramTests.framework; sourceTree = BUILT_PRODUCTS_DIR; };
		2F9B12EA258A2BA400DC55CC /* instagram.app */ = {isa = PBXFileReference; explicitFileType = wrapper.application; includeInIndex = 0; path = instagram.app; sourceTree = BUILT_PRODUCTS_DIR; };
		2F9B12ED258A2BA400DC55CC /* AppDelegate.swift */ = {isa = PBXFileReference; lastKnownFileType = sourcecode.swift; path = AppDelegate.swift; sourceTree = "<group>"; };
		2F9B12EF258A2BA400DC55CC /* SceneDelegate.swift */ = {isa = PBXFileReference; lastKnownFileType = sourcecode.swift; path = SceneDelegate.swift; sourceTree = "<group>"; };
		2F9B12F1258A2BA400DC55CC /* HomeViewController.swift */ = {isa = PBXFileReference; lastKnownFileType = sourcecode.swift; path = HomeViewController.swift; sourceTree = "<group>"; };
		2F9B12F4258A2BA400DC55CC /* Base */ = {isa = PBXFileReference; lastKnownFileType = file.storyboard; name = Base; path = Base.lproj/Main.storyboard; sourceTree = "<group>"; };
		2F9B12F6258A2BA500DC55CC /* Assets.xcassets */ = {isa = PBXFileReference; lastKnownFileType = folder.assetcatalog; path = Assets.xcassets; sourceTree = "<group>"; };
		2F9B12F9258A2BA500DC55CC /* Base */ = {isa = PBXFileReference; lastKnownFileType = file.storyboard; name = Base; path = Base.lproj/LaunchScreen.storyboard; sourceTree = "<group>"; };
		2F9B12FB258A2BA500DC55CC /* Info.plist */ = {isa = PBXFileReference; lastKnownFileType = text.plist.xml; path = Info.plist; sourceTree = "<group>"; };
		2F9B1300258A2BA500DC55CC /* instagramTests.xctest */ = {isa = PBXFileReference; explicitFileType = wrapper.cfbundle; includeInIndex = 0; path = instagramTests.xctest; sourceTree = BUILT_PRODUCTS_DIR; };
		2F9B1304258A2BA500DC55CC /* instagramTests.swift */ = {isa = PBXFileReference; lastKnownFileType = sourcecode.swift; path = instagramTests.swift; sourceTree = "<group>"; };
		2F9B1306258A2BA500DC55CC /* Info.plist */ = {isa = PBXFileReference; lastKnownFileType = text.plist.xml; path = Info.plist; sourceTree = "<group>"; };
		2F9B130B258A2BA500DC55CC /* instagramUITests.xctest */ = {isa = PBXFileReference; explicitFileType = wrapper.cfbundle; includeInIndex = 0; path = instagramUITests.xctest; sourceTree = BUILT_PRODUCTS_DIR; };
		2F9B130F258A2BA500DC55CC /* instagramUITests.swift */ = {isa = PBXFileReference; lastKnownFileType = sourcecode.swift; path = instagramUITests.swift; sourceTree = "<group>"; };
		2F9B1311258A2BA500DC55CC /* Info.plist */ = {isa = PBXFileReference; lastKnownFileType = text.plist.xml; path = Info.plist; sourceTree = "<group>"; };
		2F9B132E258A2CDF00DC55CC /* ExploreViewController.swift */ = {isa = PBXFileReference; lastKnownFileType = sourcecode.swift; path = ExploreViewController.swift; sourceTree = "<group>"; };
		2F9B1333258A2D0A00DC55CC /* CameraViewController.swift */ = {isa = PBXFileReference; lastKnownFileType = sourcecode.swift; path = CameraViewController.swift; sourceTree = "<group>"; };
		2F9B1338258A2D1F00DC55CC /* NotificationViewController.swift */ = {isa = PBXFileReference; lastKnownFileType = sourcecode.swift; path = NotificationViewController.swift; sourceTree = "<group>"; };
		2F9B133D258A2D3100DC55CC /* ProfileViewController.swift */ = {isa = PBXFileReference; lastKnownFileType = sourcecode.swift; path = ProfileViewController.swift; sourceTree = "<group>"; };
		2FFB64C9258A40320067AFB1 /* GoogleService-Info.plist */ = {isa = PBXFileReference; fileEncoding = 4; lastKnownFileType = text.plist.xml; path = "GoogleService-Info.plist"; sourceTree = "<group>"; };
		2FFB64EF258A46390067AFB1 /* SettingViewController.swift */ = {isa = PBXFileReference; fileEncoding = 4; lastKnownFileType = sourcecode.swift; path = SettingViewController.swift; sourceTree = "<group>"; };
		2FFB64F0258A46390067AFB1 /* SearchViewController.swift */ = {isa = PBXFileReference; fileEncoding = 4; lastKnownFileType = sourcecode.swift; path = SearchViewController.swift; sourceTree = "<group>"; };
		2FFB64F1258A46390067AFB1 /* ListViewController.swift */ = {isa = PBXFileReference; fileEncoding = 4; lastKnownFileType = sourcecode.swift; path = ListViewController.swift; sourceTree = "<group>"; };
		2FFB64F2258A46390067AFB1 /* EditProfileViewController.swift */ = {isa = PBXFileReference; fileEncoding = 4; lastKnownFileType = sourcecode.swift; path = EditProfileViewController.swift; sourceTree = "<group>"; };
		2FFB64F3258A46390067AFB1 /* SearchResultViewController.swift */ = {isa = PBXFileReference; fileEncoding = 4; lastKnownFileType = sourcecode.swift; path = SearchResultViewController.swift; sourceTree = "<group>"; };
		2FFB64F4258A46390067AFB1 /* PublishPostViewController.swift */ = {isa = PBXFileReference; fileEncoding = 4; lastKnownFileType = sourcecode.swift; path = PublishPostViewController.swift; sourceTree = "<group>"; };
		2FFB64F5258A46390067AFB1 /* PostViewController.swift */ = {isa = PBXFileReference; fileEncoding = 4; lastKnownFileType = sourcecode.swift; path = PostViewController.swift; sourceTree = "<group>"; };
		2FFB64F6258A46390067AFB1 /* PostEditorViewController.swift */ = {isa = PBXFileReference; fileEncoding = 4; lastKnownFileType = sourcecode.swift; path = PostEditorViewController.swift; sourceTree = "<group>"; };
		2FFB64F8258A46390067AFB1 /* LoginViewController.swift */ = {isa = PBXFileReference; fileEncoding = 4; lastKnownFileType = sourcecode.swift; path = LoginViewController.swift; sourceTree = "<group>"; };
		2FFB64F9258A46390067AFB1 /* RegistrationViewController.swift */ = {isa = PBXFileReference; fileEncoding = 4; lastKnownFileType = sourcecode.swift; path = RegistrationViewController.swift; sourceTree = "<group>"; };
		2FFB6513258A47090067AFB1 /* DatabaseManager.swift */ = {isa = PBXFileReference; lastKnownFileType = sourcecode.swift; path = DatabaseManager.swift; sourceTree = "<group>"; };
		2FFB6518258A47B40067AFB1 /* AuthManaget.swift */ = {isa = PBXFileReference; lastKnownFileType = sourcecode.swift; path = AuthManaget.swift; sourceTree = "<group>"; };
		2FFB651D258A47EF0067AFB1 /* StorageManager.swift */ = {isa = PBXFileReference; lastKnownFileType = sourcecode.swift; path = StorageManager.swift; sourceTree = "<group>"; };
		2FFB6554258A4D960067AFB1 /* UIview+Extensions.swift */ = {isa = PBXFileReference; lastKnownFileType = sourcecode.swift; path = "UIview+Extensions.swift"; sourceTree = "<group>"; };
		479C2B5DF8AB5A9184D5288D /* Pods-instagram-instagramUITests.release.xcconfig */ = {isa = PBXFileReference; includeInIndex = 1; lastKnownFileType = text.xcconfig; name = "Pods-instagram-instagramUITests.release.xcconfig"; path = "Target Support Files/Pods-instagram-instagramUITests/Pods-instagram-instagramUITests.release.xcconfig"; sourceTree = "<group>"; };
		491A2FE7BED0A5159EFBC044 /* Pods-instagram-instagramUITests.debug.xcconfig */ = {isa = PBXFileReference; includeInIndex = 1; lastKnownFileType = text.xcconfig; name = "Pods-instagram-instagramUITests.debug.xcconfig"; path = "Target Support Files/Pods-instagram-instagramUITests/Pods-instagram-instagramUITests.debug.xcconfig"; sourceTree = "<group>"; };
		6A08DA477C52C05C2497E2B8 /* Pods-instagram.release.xcconfig */ = {isa = PBXFileReference; includeInIndex = 1; lastKnownFileType = text.xcconfig; name = "Pods-instagram.release.xcconfig"; path = "Target Support Files/Pods-instagram/Pods-instagram.release.xcconfig"; sourceTree = "<group>"; };
		76546C4CF368523A64A127E9 /* Pods_instagram_instagramUITests.framework */ = {isa = PBXFileReference; explicitFileType = wrapper.framework; includeInIndex = 0; path = Pods_instagram_instagramUITests.framework; sourceTree = BUILT_PRODUCTS_DIR; };
		970B787A9E06A426175C55D1 /* Pods-instagramTests.debug.xcconfig */ = {isa = PBXFileReference; includeInIndex = 1; lastKnownFileType = text.xcconfig; name = "Pods-instagramTests.debug.xcconfig"; path = "Target Support Files/Pods-instagramTests/Pods-instagramTests.debug.xcconfig"; sourceTree = "<group>"; };
		BF26F796A6D276EECC9AABC3 /* Pods-instagramTests.release.xcconfig */ = {isa = PBXFileReference; includeInIndex = 1; lastKnownFileType = text.xcconfig; name = "Pods-instagramTests.release.xcconfig"; path = "Target Support Files/Pods-instagramTests/Pods-instagramTests.release.xcconfig"; sourceTree = "<group>"; };
		E53BA909AD6D69975CAD1973 /* Pods-instagram.debug.xcconfig */ = {isa = PBXFileReference; includeInIndex = 1; lastKnownFileType = text.xcconfig; name = "Pods-instagram.debug.xcconfig"; path = "Target Support Files/Pods-instagram/Pods-instagram.debug.xcconfig"; sourceTree = "<group>"; };
/* End PBXFileReference section */

/* Begin PBXFrameworksBuildPhase section */
		2F9B12E7258A2BA400DC55CC /* Frameworks */ = {
			isa = PBXFrameworksBuildPhase;
			buildActionMask = 2147483647;
			files = (
				497707F5FD3E61F189DF2B44 /* Pods_instagram.framework in Frameworks */,
			);
			runOnlyForDeploymentPostprocessing = 0;
		};
		2F9B12FD258A2BA500DC55CC /* Frameworks */ = {
			isa = PBXFrameworksBuildPhase;
			buildActionMask = 2147483647;
			files = (
				DB82EE19F3CFE7C3964238F8 /* Pods_instagramTests.framework in Frameworks */,
			);
			runOnlyForDeploymentPostprocessing = 0;
		};
		2F9B1308258A2BA500DC55CC /* Frameworks */ = {
			isa = PBXFrameworksBuildPhase;
			buildActionMask = 2147483647;
			files = (
				13BB6D089838AEC3D818F6A6 /* Pods_instagram_instagramUITests.framework in Frameworks */,
			);
			runOnlyForDeploymentPostprocessing = 0;
		};
/* End PBXFrameworksBuildPhase section */

/* Begin PBXGroup section */
		2F9B12E1258A2BA400DC55CC = {
			isa = PBXGroup;
			children = (
				46DD86C4E21C2BAF026F6EE7 /* Frameworks */,
				2F9B12EC258A2BA400DC55CC /* instagram */,
				2F9B1303258A2BA500DC55CC /* instagramTests */,
				2F9B130E258A2BA500DC55CC /* instagramUITests */,
				53FE842E346A09279D3AFEA8 /* Pods */,
				2F9B12EB258A2BA400DC55CC /* Products */,
			);
			sourceTree = "<group>";
		};
		2F9B12EB258A2BA400DC55CC /* Products */ = {
			isa = PBXGroup;
			children = (
				2F9B12EA258A2BA400DC55CC /* instagram.app */,
				2F9B1300258A2BA500DC55CC /* instagramTests.xctest */,
				2F9B130B258A2BA500DC55CC /* instagramUITests.xctest */,
			);
			name = Products;
			sourceTree = "<group>";
		};
		2F9B12EC258A2BA400DC55CC /* instagram */ = {
			isa = PBXGroup;
			children = (
				2FFB6553258A4D710067AFB1 /* Extensions */,
				2F9B1323258A2C1100DC55CC /* Resources */,
				2F9B1322258A2C0300DC55CC /* Models */,
				2F9B1321258A2BF900DC55CC /* Views */,
				2F9B1320258A2BE800DC55CC /* Controllers */,
				2F9B12FB258A2BA500DC55CC /* Info.plist */,
			);
			path = instagram;
			sourceTree = "<group>";
		};
		2F9B1303258A2BA500DC55CC /* instagramTests */ = {
			isa = PBXGroup;
			children = (
				2F9B1304258A2BA500DC55CC /* instagramTests.swift */,
				2F9B1306258A2BA500DC55CC /* Info.plist */,
			);
			path = instagramTests;
			sourceTree = "<group>";
		};
		2F9B130E258A2BA500DC55CC /* instagramUITests */ = {
			isa = PBXGroup;
			children = (
				2F9B130F258A2BA500DC55CC /* instagramUITests.swift */,
				2F9B1311258A2BA500DC55CC /* Info.plist */,
			);
			path = instagramUITests;
			sourceTree = "<group>";
		};
		2F9B1320258A2BE800DC55CC /* Controllers */ = {
			isa = PBXGroup;
			children = (
				2FFB64EE258A46390067AFB1 /* Others */,
				2F9B1343258A2D5300DC55CC /* Core Tabs */,
			);
			path = Controllers;
			sourceTree = "<group>";
		};
		2F9B1321258A2BF900DC55CC /* Views */ = {
			isa = PBXGroup;
			children = (
				2F9B1327258A2C6000DC55CC /* Storybord */,
				2F9B12F6258A2BA500DC55CC /* Assets.xcassets */,
			);
			path = Views;
			sourceTree = "<group>";
		};
		2F9B1322258A2C0300DC55CC /* Models */ = {
			isa = PBXGroup;
			children = (
			);
			path = Models;
			sourceTree = "<group>";
		};
		2F9B1323258A2C1100DC55CC /* Resources */ = {
			isa = PBXGroup;
			children = (
				2FFB64C9258A40320067AFB1 /* GoogleService-Info.plist */,
				2F9B12ED258A2BA400DC55CC /* AppDelegate.swift */,
				2F9B12EF258A2BA400DC55CC /* SceneDelegate.swift */,
				2FFB6513258A47090067AFB1 /* DatabaseManager.swift */,
				2FFB6518258A47B40067AFB1 /* AuthManaget.swift */,
				2FFB651D258A47EF0067AFB1 /* StorageManager.swift */,
			);
			path = Resources;
			sourceTree = "<group>";
		};
		2F9B1327258A2C6000DC55CC /* Storybord */ = {
			isa = PBXGroup;
			children = (
				2F9B12F3258A2BA400DC55CC /* Main.storyboard */,
				2F9B12F8258A2BA500DC55CC /* LaunchScreen.storyboard */,
			);
			path = Storybord;
			sourceTree = "<group>";
		};
		2F9B1343258A2D5300DC55CC /* Core Tabs */ = {
			isa = PBXGroup;
			children = (
				2F9B12F1258A2BA400DC55CC /* HomeViewController.swift */,
				2F9B132E258A2CDF00DC55CC /* ExploreViewController.swift */,
				2F9B1333258A2D0A00DC55CC /* CameraViewController.swift */,
				2F9B1338258A2D1F00DC55CC /* NotificationViewController.swift */,
				2F9B133D258A2D3100DC55CC /* ProfileViewController.swift */,
			);
			path = "Core Tabs";
			sourceTree = "<group>";
		};
		2FFB64EE258A46390067AFB1 /* Others */ = {
			isa = PBXGroup;
			children = (
				2FFB6507258A465F0067AFB1 /* General */,
				2FFB64F7258A46390067AFB1 /* Onboarding */,
			);
			path = Others;
			sourceTree = "<group>";
		};
		2FFB64F7258A46390067AFB1 /* Onboarding */ = {
			isa = PBXGroup;
			children = (
				2FFB64F8258A46390067AFB1 /* LoginViewController.swift */,
				2FFB64F9258A46390067AFB1 /* RegistrationViewController.swift */,
			);
			path = Onboarding;
			sourceTree = "<group>";
		};
		2FFB6507258A465F0067AFB1 /* General */ = {
			isa = PBXGroup;
			children = (
				2FFB64EF258A46390067AFB1 /* SettingViewController.swift */,
				2FFB64F0258A46390067AFB1 /* SearchViewController.swift */,
				2FFB64F1258A46390067AFB1 /* ListViewController.swift */,
				2FFB64F2258A46390067AFB1 /* EditProfileViewController.swift */,
				2FFB64F3258A46390067AFB1 /* SearchResultViewController.swift */,
				2FFB64F4258A46390067AFB1 /* PublishPostViewController.swift */,
				2FFB64F5258A46390067AFB1 /* PostViewController.swift */,
				2FFB64F6258A46390067AFB1 /* PostEditorViewController.swift */,
			);
			path = General;
			sourceTree = "<group>";
		};
		2FFB6553258A4D710067AFB1 /* Extensions */ = {
			isa = PBXGroup;
			children = (
				2FFB6554258A4D960067AFB1 /* UIview+Extensions.swift */,
			);
			path = Extensions;
			sourceTree = "<group>";
		};
		46DD86C4E21C2BAF026F6EE7 /* Frameworks */ = {
			isa = PBXGroup;
			children = (
				0A50D23AEB91BCCEF25CE35B /* Pods_instagram.framework */,
				76546C4CF368523A64A127E9 /* Pods_instagram_instagramUITests.framework */,
				13133B9BB936A4165C2F52F7 /* Pods_instagramTests.framework */,
			);
			name = Frameworks;
			sourceTree = "<group>";
		};
		53FE842E346A09279D3AFEA8 /* Pods */ = {
			isa = PBXGroup;
			children = (
				E53BA909AD6D69975CAD1973 /* Pods-instagram.debug.xcconfig */,
				6A08DA477C52C05C2497E2B8 /* Pods-instagram.release.xcconfig */,
				491A2FE7BED0A5159EFBC044 /* Pods-instagram-instagramUITests.debug.xcconfig */,
				479C2B5DF8AB5A9184D5288D /* Pods-instagram-instagramUITests.release.xcconfig */,
				970B787A9E06A426175C55D1 /* Pods-instagramTests.debug.xcconfig */,
				BF26F796A6D276EECC9AABC3 /* Pods-instagramTests.release.xcconfig */,
			);
			path = Pods;
			sourceTree = "<group>";
		};
/* End PBXGroup section */

/* Begin PBXNativeTarget section */
		2F9B12E9258A2BA400DC55CC /* instagram */ = {
			isa = PBXNativeTarget;
			buildConfigurationList = 2F9B1314258A2BA500DC55CC /* Build configuration list for PBXNativeTarget "instagram" */;
			buildPhases = (
				CC97BE9119FFED4E0D5F3D9C /* [CP] Check Pods Manifest.lock */,
				2F9B12E6258A2BA400DC55CC /* Sources */,
				2F9B12E7258A2BA400DC55CC /* Frameworks */,
				2F9B12E8258A2BA400DC55CC /* Resources */,
				19AEBEF5C27D344E3EB0759D /* [CP] Embed Pods Frameworks */,
			);
			buildRules = (
			);
			dependencies = (
			);
			name = instagram;
			productName = instagram;
			productReference = 2F9B12EA258A2BA400DC55CC /* instagram.app */;
			productType = "com.apple.product-type.application";
		};
		2F9B12FF258A2BA500DC55CC /* instagramTests */ = {
			isa = PBXNativeTarget;
			buildConfigurationList = 2F9B1317258A2BA500DC55CC /* Build configuration list for PBXNativeTarget "instagramTests" */;
			buildPhases = (
				1DDBB4C353B192E4E3D86CA5 /* [CP] Check Pods Manifest.lock */,
				2F9B12FC258A2BA500DC55CC /* Sources */,
				2F9B12FD258A2BA500DC55CC /* Frameworks */,
				2F9B12FE258A2BA500DC55CC /* Resources */,
			);
			buildRules = (
			);
			dependencies = (
				2F9B1302258A2BA500DC55CC /* PBXTargetDependency */,
			);
			name = instagramTests;
			productName = instagramTests;
			productReference = 2F9B1300258A2BA500DC55CC /* instagramTests.xctest */;
			productType = "com.apple.product-type.bundle.unit-test";
		};
		2F9B130A258A2BA500DC55CC /* instagramUITests */ = {
			isa = PBXNativeTarget;
			buildConfigurationList = 2F9B131A258A2BA500DC55CC /* Build configuration list for PBXNativeTarget "instagramUITests" */;
			buildPhases = (
				34FF4454B9D01B03931734C0 /* [CP] Check Pods Manifest.lock */,
				2F9B1307258A2BA500DC55CC /* Sources */,
				2F9B1308258A2BA500DC55CC /* Frameworks */,
				2F9B1309258A2BA500DC55CC /* Resources */,
				4C221C1B70B318F22BAC294A /* [CP] Embed Pods Frameworks */,
			);
			buildRules = (
			);
			dependencies = (
				2F9B130D258A2BA500DC55CC /* PBXTargetDependency */,
			);
			name = instagramUITests;
			productName = instagramUITests;
			productReference = 2F9B130B258A2BA500DC55CC /* instagramUITests.xctest */;
			productType = "com.apple.product-type.bundle.ui-testing";
		};
/* End PBXNativeTarget section */

/* Begin PBXProject section */
		2F9B12E2258A2BA400DC55CC /* Project object */ = {
			isa = PBXProject;
			attributes = {
				LastSwiftUpdateCheck = 1220;
				LastUpgradeCheck = 1220;
				TargetAttributes = {
					2F9B12E9258A2BA400DC55CC = {
						CreatedOnToolsVersion = 12.2;
					};
					2F9B12FF258A2BA500DC55CC = {
						CreatedOnToolsVersion = 12.2;
						TestTargetID = 2F9B12E9258A2BA400DC55CC;
					};
					2F9B130A258A2BA500DC55CC = {
						CreatedOnToolsVersion = 12.2;
						TestTargetID = 2F9B12E9258A2BA400DC55CC;
					};
				};
			};
			buildConfigurationList = 2F9B12E5258A2BA400DC55CC /* Build configuration list for PBXProject "instagram" */;
			compatibilityVersion = "Xcode 9.3";
			developmentRegion = en;
			hasScannedForEncodings = 0;
			knownRegions = (
				en,
				Base,
			);
			mainGroup = 2F9B12E1258A2BA400DC55CC;
			productRefGroup = 2F9B12EB258A2BA400DC55CC /* Products */;
			projectDirPath = "";
			projectRoot = "";
			targets = (
				2F9B12E9258A2BA400DC55CC /* instagram */,
				2F9B12FF258A2BA500DC55CC /* instagramTests */,
				2F9B130A258A2BA500DC55CC /* instagramUITests */,
			);
		};
/* End PBXProject section */

/* Begin PBXResourcesBuildPhase section */
		2F9B12E8258A2BA400DC55CC /* Resources */ = {
			isa = PBXResourcesBuildPhase;
			buildActionMask = 2147483647;
			files = (
				2F9B12FA258A2BA500DC55CC /* LaunchScreen.storyboard in Resources */,
				2FFB64CA258A40320067AFB1 /* GoogleService-Info.plist in Resources */,
				2F9B12F7258A2BA500DC55CC /* Assets.xcassets in Resources */,
				2F9B12F5258A2BA400DC55CC /* Main.storyboard in Resources */,
			);
			runOnlyForDeploymentPostprocessing = 0;
		};
		2F9B12FE258A2BA500DC55CC /* Resources */ = {
			isa = PBXResourcesBuildPhase;
			buildActionMask = 2147483647;
			files = (
			);
			runOnlyForDeploymentPostprocessing = 0;
		};
		2F9B1309258A2BA500DC55CC /* Resources */ = {
			isa = PBXResourcesBuildPhase;
			buildActionMask = 2147483647;
			files = (
			);
			runOnlyForDeploymentPostprocessing = 0;
		};
/* End PBXResourcesBuildPhase section */

/* Begin PBXShellScriptBuildPhase section */
		19AEBEF5C27D344E3EB0759D /* [CP] Embed Pods Frameworks */ = {
			isa = PBXShellScriptBuildPhase;
			buildActionMask = 2147483647;
			files = (
			);
			inputFileListPaths = (
				"${PODS_ROOT}/Target Support Files/Pods-instagram/Pods-instagram-frameworks-${CONFIGURATION}-input-files.xcfilelist",
			);
			name = "[CP] Embed Pods Frameworks";
			outputFileListPaths = (
				"${PODS_ROOT}/Target Support Files/Pods-instagram/Pods-instagram-frameworks-${CONFIGURATION}-output-files.xcfilelist",
			);
			runOnlyForDeploymentPostprocessing = 0;
			shellPath = /bin/sh;
			shellScript = "\"${PODS_ROOT}/Target Support Files/Pods-instagram/Pods-instagram-frameworks.sh\"\n";
			showEnvVarsInLog = 0;
		};
		1DDBB4C353B192E4E3D86CA5 /* [CP] Check Pods Manifest.lock */ = {
			isa = PBXShellScriptBuildPhase;
			buildActionMask = 2147483647;
			files = (
			);
			inputFileListPaths = (
			);
			inputPaths = (
				"${PODS_PODFILE_DIR_PATH}/Podfile.lock",
				"${PODS_ROOT}/Manifest.lock",
			);
			name = "[CP] Check Pods Manifest.lock";
			outputFileListPaths = (
			);
			outputPaths = (
				"$(DERIVED_FILE_DIR)/Pods-instagramTests-checkManifestLockResult.txt",
			);
			runOnlyForDeploymentPostprocessing = 0;
			shellPath = /bin/sh;
			shellScript = "diff \"${PODS_PODFILE_DIR_PATH}/Podfile.lock\" \"${PODS_ROOT}/Manifest.lock\" > /dev/null\nif [ $? != 0 ] ; then\n    # print error to STDERR\n    echo \"error: The sandbox is not in sync with the Podfile.lock. Run 'pod install' or update your CocoaPods installation.\" >&2\n    exit 1\nfi\n# This output is used by Xcode 'outputs' to avoid re-running this script phase.\necho \"SUCCESS\" > \"${SCRIPT_OUTPUT_FILE_0}\"\n";
			showEnvVarsInLog = 0;
		};
		34FF4454B9D01B03931734C0 /* [CP] Check Pods Manifest.lock */ = {
			isa = PBXShellScriptBuildPhase;
			buildActionMask = 2147483647;
			files = (
			);
			inputFileListPaths = (
			);
			inputPaths = (
				"${PODS_PODFILE_DIR_PATH}/Podfile.lock",
				"${PODS_ROOT}/Manifest.lock",
			);
			name = "[CP] Check Pods Manifest.lock";
			outputFileListPaths = (
			);
			outputPaths = (
				"$(DERIVED_FILE_DIR)/Pods-instagram-instagramUITests-checkManifestLockResult.txt",
			);
			runOnlyForDeploymentPostprocessing = 0;
			shellPath = /bin/sh;
			shellScript = "diff \"${PODS_PODFILE_DIR_PATH}/Podfile.lock\" \"${PODS_ROOT}/Manifest.lock\" > /dev/null\nif [ $? != 0 ] ; then\n    # print error to STDERR\n    echo \"error: The sandbox is not in sync with the Podfile.lock. Run 'pod install' or update your CocoaPods installation.\" >&2\n    exit 1\nfi\n# This output is used by Xcode 'outputs' to avoid re-running this script phase.\necho \"SUCCESS\" > \"${SCRIPT_OUTPUT_FILE_0}\"\n";
			showEnvVarsInLog = 0;
		};
		4C221C1B70B318F22BAC294A /* [CP] Embed Pods Frameworks */ = {
			isa = PBXShellScriptBuildPhase;
			buildActionMask = 2147483647;
			files = (
			);
			inputFileListPaths = (
				"${PODS_ROOT}/Target Support Files/Pods-instagram-instagramUITests/Pods-instagram-instagramUITests-frameworks-${CONFIGURATION}-input-files.xcfilelist",
			);
			name = "[CP] Embed Pods Frameworks";
			outputFileListPaths = (
				"${PODS_ROOT}/Target Support Files/Pods-instagram-instagramUITests/Pods-instagram-instagramUITests-frameworks-${CONFIGURATION}-output-files.xcfilelist",
			);
			runOnlyForDeploymentPostprocessing = 0;
			shellPath = /bin/sh;
			shellScript = "\"${PODS_ROOT}/Target Support Files/Pods-instagram-instagramUITests/Pods-instagram-instagramUITests-frameworks.sh\"\n";
			showEnvVarsInLog = 0;
		};
		CC97BE9119FFED4E0D5F3D9C /* [CP] Check Pods Manifest.lock */ = {
			isa = PBXShellScriptBuildPhase;
			buildActionMask = 2147483647;
			files = (
			);
			inputFileListPaths = (
			);
			inputPaths = (
				"${PODS_PODFILE_DIR_PATH}/Podfile.lock",
				"${PODS_ROOT}/Manifest.lock",
			);
			name = "[CP] Check Pods Manifest.lock";
			outputFileListPaths = (
			);
			outputPaths = (
				"$(DERIVED_FILE_DIR)/Pods-instagram-checkManifestLockResult.txt",
			);
			runOnlyForDeploymentPostprocessing = 0;
			shellPath = /bin/sh;
			shellScript = "diff \"${PODS_PODFILE_DIR_PATH}/Podfile.lock\" \"${PODS_ROOT}/Manifest.lock\" > /dev/null\nif [ $? != 0 ] ; then\n    # print error to STDERR\n    echo \"error: The sandbox is not in sync with the Podfile.lock. Run 'pod install' or update your CocoaPods installation.\" >&2\n    exit 1\nfi\n# This output is used by Xcode 'outputs' to avoid re-running this script phase.\necho \"SUCCESS\" > \"${SCRIPT_OUTPUT_FILE_0}\"\n";
			showEnvVarsInLog = 0;
		};
/* End PBXShellScriptBuildPhase section */

/* Begin PBXSourcesBuildPhase section */
		2F9B12E6258A2BA400DC55CC /* Sources */ = {
			isa = PBXSourcesBuildPhase;
			buildActionMask = 2147483647;
			files = (
				2FFB6555258A4D960067AFB1 /* UIview+Extensions.swift in Sources */,
				2FFB64FD258A46390067AFB1 /* EditProfileViewController.swift in Sources */,
				2F9B132F258A2CDF00DC55CC /* ExploreViewController.swift in Sources */,
				2FFB6500258A46390067AFB1 /* PostViewController.swift in Sources */,
				2F9B1334258A2D0A00DC55CC /* CameraViewController.swift in Sources */,
				2F9B1339258A2D1F00DC55CC /* NotificationViewController.swift in Sources */,
				2FFB64FB258A46390067AFB1 /* SearchViewController.swift in Sources */,
				2FFB64FA258A46390067AFB1 /* SettingViewController.swift in Sources */,
				2FFB651E258A47EF0067AFB1 /* StorageManager.swift in Sources */,
				2F9B12F2258A2BA400DC55CC /* HomeViewController.swift in Sources */,
				2FFB6514258A47090067AFB1 /* DatabaseManager.swift in Sources */,
				2FFB6503258A46390067AFB1 /* RegistrationViewController.swift in Sources */,
				2F9B133E258A2D3100DC55CC /* ProfileViewController.swift in Sources */,
				2F9B12EE258A2BA400DC55CC /* AppDelegate.swift in Sources */,
				2FFB64FC258A46390067AFB1 /* ListViewController.swift in Sources */,
				2FFB6501258A46390067AFB1 /* PostEditorViewController.swift in Sources */,
				2FFB6519258A47B40067AFB1 /* AuthManaget.swift in Sources */,
				2FFB6502258A46390067AFB1 /* LoginViewController.swift in Sources */,
				2FFB64FE258A46390067AFB1 /* SearchResultViewController.swift in Sources */,
				2F9B12F0258A2BA400DC55CC /* SceneDelegate.swift in Sources */,
				2FFB64FF258A46390067AFB1 /* PublishPostViewController.swift in Sources */,
			);
			runOnlyForDeploymentPostprocessing = 0;
		};
		2F9B12FC258A2BA500DC55CC /* Sources */ = {
			isa = PBXSourcesBuildPhase;
			buildActionMask = 2147483647;
			files = (
				2F9B1305258A2BA500DC55CC /* instagramTests.swift in Sources */,
			);
			runOnlyForDeploymentPostprocessing = 0;
		};
		2F9B1307258A2BA500DC55CC /* Sources */ = {
			isa = PBXSourcesBuildPhase;
			buildActionMask = 2147483647;
			files = (
				2F9B1310258A2BA500DC55CC /* instagramUITests.swift in Sources */,
			);
			runOnlyForDeploymentPostprocessing = 0;
		};
/* End PBXSourcesBuildPhase section */

/* Begin PBXTargetDependency section */
		2F9B1302258A2BA500DC55CC /* PBXTargetDependency */ = {
			isa = PBXTargetDependency;
			target = 2F9B12E9258A2BA400DC55CC /* instagram */;
			targetProxy = 2F9B1301258A2BA500DC55CC /* PBXContainerItemProxy */;
		};
		2F9B130D258A2BA500DC55CC /* PBXTargetDependency */ = {
			isa = PBXTargetDependency;
			target = 2F9B12E9258A2BA400DC55CC /* instagram */;
			targetProxy = 2F9B130C258A2BA500DC55CC /* PBXContainerItemProxy */;
		};
/* End PBXTargetDependency section */

/* Begin PBXVariantGroup section */
		2F9B12F3258A2BA400DC55CC /* Main.storyboard */ = {
			isa = PBXVariantGroup;
			children = (
				2F9B12F4258A2BA400DC55CC /* Base */,
			);
			name = Main.storyboard;
			sourceTree = "<group>";
		};
		2F9B12F8258A2BA500DC55CC /* LaunchScreen.storyboard */ = {
			isa = PBXVariantGroup;
			children = (
				2F9B12F9258A2BA500DC55CC /* Base */,
			);
			name = LaunchScreen.storyboard;
			sourceTree = "<group>";
		};
/* End PBXVariantGroup section */

/* Begin XCBuildConfiguration section */
		2F9B1312258A2BA500DC55CC /* Debug */ = {
			isa = XCBuildConfiguration;
			buildSettings = {
				ALWAYS_SEARCH_USER_PATHS = NO;
				CLANG_ANALYZER_NONNULL = YES;
				CLANG_ANALYZER_NUMBER_OBJECT_CONVERSION = YES_AGGRESSIVE;
				CLANG_CXX_LANGUAGE_STANDARD = "gnu++14";
				CLANG_CXX_LIBRARY = "libc++";
				CLANG_ENABLE_MODULES = YES;
				CLANG_ENABLE_OBJC_ARC = YES;
				CLANG_ENABLE_OBJC_WEAK = YES;
				CLANG_WARN_BLOCK_CAPTURE_AUTORELEASING = YES;
				CLANG_WARN_BOOL_CONVERSION = YES;
				CLANG_WARN_COMMA = YES;
				CLANG_WARN_CONSTANT_CONVERSION = YES;
				CLANG_WARN_DEPRECATED_OBJC_IMPLEMENTATIONS = YES;
				CLANG_WARN_DIRECT_OBJC_ISA_USAGE = YES_ERROR;
				CLANG_WARN_DOCUMENTATION_COMMENTS = YES;
				CLANG_WARN_EMPTY_BODY = YES;
				CLANG_WARN_ENUM_CONVERSION = YES;
				CLANG_WARN_INFINITE_RECURSION = YES;
				CLANG_WARN_INT_CONVERSION = YES;
				CLANG_WARN_NON_LITERAL_NULL_CONVERSION = YES;
				CLANG_WARN_OBJC_IMPLICIT_RETAIN_SELF = YES;
				CLANG_WARN_OBJC_LITERAL_CONVERSION = YES;
				CLANG_WARN_OBJC_ROOT_CLASS = YES_ERROR;
				CLANG_WARN_QUOTED_INCLUDE_IN_FRAMEWORK_HEADER = YES;
				CLANG_WARN_RANGE_LOOP_ANALYSIS = YES;
				CLANG_WARN_STRICT_PROTOTYPES = YES;
				CLANG_WARN_SUSPICIOUS_MOVE = YES;
				CLANG_WARN_UNGUARDED_AVAILABILITY = YES_AGGRESSIVE;
				CLANG_WARN_UNREACHABLE_CODE = YES;
				CLANG_WARN__DUPLICATE_METHOD_MATCH = YES;
				COPY_PHASE_STRIP = NO;
				DEBUG_INFORMATION_FORMAT = dwarf;
				ENABLE_STRICT_OBJC_MSGSEND = YES;
				ENABLE_TESTABILITY = YES;
				GCC_C_LANGUAGE_STANDARD = gnu11;
				GCC_DYNAMIC_NO_PIC = NO;
				GCC_NO_COMMON_BLOCKS = YES;
				GCC_OPTIMIZATION_LEVEL = 0;
				GCC_PREPROCESSOR_DEFINITIONS = (
					"DEBUG=1",
					"$(inherited)",
				);
				GCC_WARN_64_TO_32_BIT_CONVERSION = YES;
				GCC_WARN_ABOUT_RETURN_TYPE = YES_ERROR;
				GCC_WARN_UNDECLARED_SELECTOR = YES;
				GCC_WARN_UNINITIALIZED_AUTOS = YES_AGGRESSIVE;
				GCC_WARN_UNUSED_FUNCTION = YES;
				GCC_WARN_UNUSED_VARIABLE = YES;
				IPHONEOS_DEPLOYMENT_TARGET = 14.2;
				MTL_ENABLE_DEBUG_INFO = INCLUDE_SOURCE;
				MTL_FAST_MATH = YES;
				ONLY_ACTIVE_ARCH = YES;
				SDKROOT = iphoneos;
				SWIFT_ACTIVE_COMPILATION_CONDITIONS = DEBUG;
				SWIFT_OPTIMIZATION_LEVEL = "-Onone";
			};
			name = Debug;
		};
		2F9B1313258A2BA500DC55CC /* Release */ = {
			isa = XCBuildConfiguration;
			buildSettings = {
				ALWAYS_SEARCH_USER_PATHS = NO;
				CLANG_ANALYZER_NONNULL = YES;
				CLANG_ANALYZER_NUMBER_OBJECT_CONVERSION = YES_AGGRESSIVE;
				CLANG_CXX_LANGUAGE_STANDARD = "gnu++14";
				CLANG_CXX_LIBRARY = "libc++";
				CLANG_ENABLE_MODULES = YES;
				CLANG_ENABLE_OBJC_ARC = YES;
				CLANG_ENABLE_OBJC_WEAK = YES;
				CLANG_WARN_BLOCK_CAPTURE_AUTORELEASING = YES;
				CLANG_WARN_BOOL_CONVERSION = YES;
				CLANG_WARN_COMMA = YES;
				CLANG_WARN_CONSTANT_CONVERSION = YES;
				CLANG_WARN_DEPRECATED_OBJC_IMPLEMENTATIONS = YES;
				CLANG_WARN_DIRECT_OBJC_ISA_USAGE = YES_ERROR;
				CLANG_WARN_DOCUMENTATION_COMMENTS = YES;
				CLANG_WARN_EMPTY_BODY = YES;
				CLANG_WARN_ENUM_CONVERSION = YES;
				CLANG_WARN_INFINITE_RECURSION = YES;
				CLANG_WARN_INT_CONVERSION = YES;
				CLANG_WARN_NON_LITERAL_NULL_CONVERSION = YES;
				CLANG_WARN_OBJC_IMPLICIT_RETAIN_SELF = YES;
				CLANG_WARN_OBJC_LITERAL_CONVERSION = YES;
				CLANG_WARN_OBJC_ROOT_CLASS = YES_ERROR;
				CLANG_WARN_QUOTED_INCLUDE_IN_FRAMEWORK_HEADER = YES;
				CLANG_WARN_RANGE_LOOP_ANALYSIS = YES;
				CLANG_WARN_STRICT_PROTOTYPES = YES;
				CLANG_WARN_SUSPICIOUS_MOVE = YES;
				CLANG_WARN_UNGUARDED_AVAILABILITY = YES_AGGRESSIVE;
				CLANG_WARN_UNREACHABLE_CODE = YES;
				CLANG_WARN__DUPLICATE_METHOD_MATCH = YES;
				COPY_PHASE_STRIP = NO;
				DEBUG_INFORMATION_FORMAT = "dwarf-with-dsym";
				ENABLE_NS_ASSERTIONS = NO;
				ENABLE_STRICT_OBJC_MSGSEND = YES;
				GCC_C_LANGUAGE_STANDARD = gnu11;
				GCC_NO_COMMON_BLOCKS = YES;
				GCC_WARN_64_TO_32_BIT_CONVERSION = YES;
				GCC_WARN_ABOUT_RETURN_TYPE = YES_ERROR;
				GCC_WARN_UNDECLARED_SELECTOR = YES;
				GCC_WARN_UNINITIALIZED_AUTOS = YES_AGGRESSIVE;
				GCC_WARN_UNUSED_FUNCTION = YES;
				GCC_WARN_UNUSED_VARIABLE = YES;
				IPHONEOS_DEPLOYMENT_TARGET = 14.2;
				MTL_ENABLE_DEBUG_INFO = NO;
				MTL_FAST_MATH = YES;
				SDKROOT = iphoneos;
				SWIFT_COMPILATION_MODE = wholemodule;
				SWIFT_OPTIMIZATION_LEVEL = "-O";
				VALIDATE_PRODUCT = YES;
			};
			name = Release;
		};
		2F9B1315258A2BA500DC55CC /* Debug */ = {
			isa = XCBuildConfiguration;
			baseConfigurationReference = E53BA909AD6D69975CAD1973 /* Pods-instagram.debug.xcconfig */;
			buildSettings = {
				ASSETCATALOG_COMPILER_APPICON_NAME = AppIcon;
				ASSETCATALOG_COMPILER_GLOBAL_ACCENT_COLOR_NAME = AccentColor;
				CODE_SIGN_STYLE = Automatic;
				DEVELOPMENT_TEAM = YP4NL2MAYR;
				INFOPLIST_FILE = instagram/Info.plist;
				LD_RUNPATH_SEARCH_PATHS = (
					"$(inherited)",
					"@executable_path/Frameworks",
				);
				PRODUCT_BUNDLE_IDENTIFIER = beyourself1994.instagram;
				PRODUCT_NAME = "$(TARGET_NAME)";
				SWIFT_VERSION = 5.0;
				TARGETED_DEVICE_FAMILY = "1,2";
			};
			name = Debug;
		};
		2F9B1316258A2BA500DC55CC /* Release */ = {
			isa = XCBuildConfiguration;
			baseConfigurationReference = 6A08DA477C52C05C2497E2B8 /* Pods-instagram.release.xcconfig */;
			buildSettings = {
				ASSETCATALOG_COMPILER_APPICON_NAME = AppIcon;
				ASSETCATALOG_COMPILER_GLOBAL_ACCENT_COLOR_NAME = AccentColor;
				CODE_SIGN_STYLE = Automatic;
				DEVELOPMENT_TEAM = YP4NL2MAYR;
				INFOPLIST_FILE = instagram/Info.plist;
				LD_RUNPATH_SEARCH_PATHS = (
					"$(inherited)",
					"@executable_path/Frameworks",
				);
				PRODUCT_BUNDLE_IDENTIFIER = beyourself1994.instagram;
				PRODUCT_NAME = "$(TARGET_NAME)";
				SWIFT_VERSION = 5.0;
				TARGETED_DEVICE_FAMILY = "1,2";
			};
			name = Release;
		};
		2F9B1318258A2BA500DC55CC /* Debug */ = {
			isa = XCBuildConfiguration;
			baseConfigurationReference = 970B787A9E06A426175C55D1 /* Pods-instagramTests.debug.xcconfig */;
			buildSettings = {
				ALWAYS_EMBED_SWIFT_STANDARD_LIBRARIES = YES;
				BUNDLE_LOADER = "$(TEST_HOST)";
				CODE_SIGN_STYLE = Automatic;
				DEVELOPMENT_TEAM = YP4NL2MAYR;
				INFOPLIST_FILE = instagramTests/Info.plist;
				IPHONEOS_DEPLOYMENT_TARGET = 14.2;
				LD_RUNPATH_SEARCH_PATHS = (
					"$(inherited)",
					"@executable_path/Frameworks",
					"@loader_path/Frameworks",
				);
				PRODUCT_BUNDLE_IDENTIFIER = beyourself1994.instagramTests;
				PRODUCT_NAME = "$(TARGET_NAME)";
				SWIFT_VERSION = 5.0;
				TARGETED_DEVICE_FAMILY = "1,2";
				TEST_HOST = "$(BUILT_PRODUCTS_DIR)/instagram.app/instagram";
			};
			name = Debug;
		};
		2F9B1319258A2BA500DC55CC /* Release */ = {
			isa = XCBuildConfiguration;
			baseConfigurationReference = BF26F796A6D276EECC9AABC3 /* Pods-instagramTests.release.xcconfig */;
			buildSettings = {
				ALWAYS_EMBED_SWIFT_STANDARD_LIBRARIES = YES;
				BUNDLE_LOADER = "$(TEST_HOST)";
				CODE_SIGN_STYLE = Automatic;
				DEVELOPMENT_TEAM = YP4NL2MAYR;
				INFOPLIST_FILE = instagramTests/Info.plist;
				IPHONEOS_DEPLOYMENT_TARGET = 14.2;
				LD_RUNPATH_SEARCH_PATHS = (
					"$(inherited)",
					"@executable_path/Frameworks",
					"@loader_path/Frameworks",
				);
				PRODUCT_BUNDLE_IDENTIFIER = beyourself1994.instagramTests;
				PRODUCT_NAME = "$(TARGET_NAME)";
				SWIFT_VERSION = 5.0;
				TARGETED_DEVICE_FAMILY = "1,2";
				TEST_HOST = "$(BUILT_PRODUCTS_DIR)/instagram.app/instagram";
			};
			name = Release;
		};
		2F9B131B258A2BA500DC55CC /* Debug */ = {
			isa = XCBuildConfiguration;
			baseConfigurationReference = 491A2FE7BED0A5159EFBC044 /* Pods-instagram-instagramUITests.debug.xcconfig */;
			buildSettings = {
				ALWAYS_EMBED_SWIFT_STANDARD_LIBRARIES = YES;
				CODE_SIGN_STYLE = Automatic;
				DEVELOPMENT_TEAM = YP4NL2MAYR;
				INFOPLIST_FILE = instagramUITests/Info.plist;
				LD_RUNPATH_SEARCH_PATHS = (
					"$(inherited)",
					"@executable_path/Frameworks",
					"@loader_path/Frameworks",
				);
				PRODUCT_BUNDLE_IDENTIFIER = beyourself1994.instagramUITests;
				PRODUCT_NAME = "$(TARGET_NAME)";
				SWIFT_VERSION = 5.0;
				TARGETED_DEVICE_FAMILY = "1,2";
				TEST_TARGET_NAME = instagram;
			};
			name = Debug;
		};
		2F9B131C258A2BA500DC55CC /* Release */ = {
			isa = XCBuildConfiguration;
			baseConfigurationReference = 479C2B5DF8AB5A9184D5288D /* Pods-instagram-instagramUITests.release.xcconfig */;
			buildSettings = {
				ALWAYS_EMBED_SWIFT_STANDARD_LIBRARIES = YES;
				CODE_SIGN_STYLE = Automatic;
				DEVELOPMENT_TEAM = YP4NL2MAYR;
				INFOPLIST_FILE = instagramUITests/Info.plist;
				LD_RUNPATH_SEARCH_PATHS = (
					"$(inherited)",
					"@executable_path/Frameworks",
					"@loader_path/Frameworks",
				);
				PRODUCT_BUNDLE_IDENTIFIER = beyourself1994.instagramUITests;
				PRODUCT_NAME = "$(TARGET_NAME)";
				SWIFT_VERSION = 5.0;
				TARGETED_DEVICE_FAMILY = "1,2";
				TEST_TARGET_NAME = instagram;
			};
			name = Release;
		};
/* End XCBuildConfiguration section */

/* Begin XCConfigurationList section */
		2F9B12E5258A2BA400DC55CC /* Build configuration list for PBXProject "instagram" */ = {
			isa = XCConfigurationList;
			buildConfigurations = (
				2F9B1312258A2BA500DC55CC /* Debug */,
				2F9B1313258A2BA500DC55CC /* Release */,
			);
			defaultConfigurationIsVisible = 0;
			defaultConfigurationName = Release;
		};
		2F9B1314258A2BA500DC55CC /* Build configuration list for PBXNativeTarget "instagram" */ = {
			isa = XCConfigurationList;
			buildConfigurations = (
				2F9B1315258A2BA500DC55CC /* Debug */,
				2F9B1316258A2BA500DC55CC /* Release */,
			);
			defaultConfigurationIsVisible = 0;
			defaultConfigurationName = Release;
		};
		2F9B1317258A2BA500DC55CC /* Build configuration list for PBXNativeTarget "instagramTests" */ = {
			isa = XCConfigurationList;
			buildConfigurations = (
				2F9B1318258A2BA500DC55CC /* Debug */,
				2F9B1319258A2BA500DC55CC /* Release */,
			);
			defaultConfigurationIsVisible = 0;
			defaultConfigurationName = Release;
		};
		2F9B131A258A2BA500DC55CC /* Build configuration list for PBXNativeTarget "instagramUITests" */ = {
			isa = XCConfigurationList;
			buildConfigurations = (
				2F9B131B258A2BA500DC55CC /* Debug */,
				2F9B131C258A2BA500DC55CC /* Release */,
			);
			defaultConfigurationIsVisible = 0;
			defaultConfigurationName = Release;
		};
/* End XCConfigurationList section */
	};
	rootObject = 2F9B12E2258A2BA400DC55CC /* Project object */;
}
